version = 1
revision = 3
requires-python = ">=3.12"

[[package]]
name = "python-dotenv"
version = "1.1.1"
source = { registry = "https://pypi.org/simple" }
sdist = { url = "https://files.pythonhosted.org/packages/f6/b0/4bc07ccd3572a2f9df7e6782f52b0c6c90dcbb803ac4a167702d7d0dfe1e/python_dotenv-1.1.1.tar.gz", hash = "sha256:a8a6399716257f45be6a007360200409fce5cda2661e3dec71d23dc15f6189ab", size = 41978, upload-time = "2025-06-24T04:21:07.341Z" }
wheels = [
    { url = "https://files.pythonhosted.org/packages/5f/ed/539768cf28c661b5b068d66d96a2f155c4971a5d55684a514c1a0e0dec2f/python_dotenv-1.1.1-py3-none-any.whl", hash = "sha256:31f23644fe2602f88ff55e1f5c79ba497e01224ee7737937930c448e4d0e24dc", size = 20556, upload-time = "2025-06-24T04:21:06.073Z" },
]

[[package]]
name = "slack-bolt"
version = "1.23.0"
source = { registry = "https://pypi.org/simple" }
dependencies = [
    { name = "slack-sdk" },
]
sdist = { url = "https://files.pythonhosted.org/packages/a5/c9/7421458765061cb98e01a12d6cadc273ee35e75856b0073ec7c3efa5cf46/slack_bolt-1.23.0.tar.gz", hash = "sha256:3d2c3eb13131407a94f925eb22b180d352c2d97b808303ef92b7a46d6508c843", size = 130659, upload-time = "2025-03-19T18:03:13.266Z" }
wheels = [
    { url = "https://files.pythonhosted.org/packages/c8/48/6f435d702a680307488c7d8d3bd6e12552bbf2ff3e0eb67ccb7d0850d122/slack_bolt-1.23.0-py2.py3-none-any.whl", hash = "sha256:6d6ae39d80c964c362505ae4e587eed2b26dbc3a9f0cb76af1150c30fb670488", size = 229691, upload-time = "2025-03-19T18:03:11.878Z" },
]

[[package]]
name = "slack-sdk"
version = "3.36.0"
source = { registry = "https://pypi.org/simple" }
sdist = { url = "https://files.pythonhosted.org/packages/73/1e/bbf7fdd00306f097ddb839c23628b7e271128cc8f584b9cae8f704b3924e/slack_sdk-3.36.0.tar.gz", hash = "sha256:8586022bdbdf9f8f8d32f394540436c53b1e7c8da9d21e1eab4560ba70cfcffa", size = 233382, upload-time = "2025-07-09T20:58:22.838Z" }
wheels = [
    { url = "https://files.pythonhosted.org/packages/70/9a/380d20856d9ea39fbc4d3bb66f076b0d72035ebe873eb05fc88ebee4125f/slack_sdk-3.36.0-py2.py3-none-any.whl", hash = "sha256:6c96887d7175fc1b0b2777b73bb65f39b5b8bee9bd8acfec071d64014f9e2d10", size = 293949, upload-time = "2025-07-09T20:58:21.233Z" },
]

[[package]]
name = "thunder-bot"
version = "0.1.0"
source = { virtual = "." }
dependencies = [
    { name = "python-dotenv" },
    { name = "slack-bolt" },
]

[package.metadata]
requires-dist = [
    { name = "python-dotenv", specifier = ">=1.1.1" },
    { name = "slack-bolt", specifier = ">=1.23.0" },
]
